
Microsoft Visual Studio Solution File, Format Version 12.00
# Visual Studio Version 17
VisualStudioVersion = 17.3.32929.385
MinimumVisualStudioVersion = 10.0.40219.1
Project("{FAE04EC0-301F-11D3-BF4B-00C04F79EFBC}") = "Tadas_SOA_Repeat_CA", "Tadas_SOA_Repeat_CA.csproj", "{20B1FEAB-3A61-43A5-A0AB-AAC691062F0A}"
EndProject
Global
	GlobalSection(SolutionConfigurationPlatforms) = preSolution
		Debug|Any CPU = Debug|Any CPU
		Release|Any CPU = Release|Any CPU
	EndGlobalSection
	GlobalSection(ProjectConfigurationPlatforms) = postSolution
		{20B1FEAB-3A61-43A5-A0AB-AAC691062F0A}.Debug|Any CPU.ActiveCfg = Debug|Any CPU
		{20B1FEAB-3A61-43A5-A0AB-AAC691062F0A}.Debug|Any CPU.Build.0 = Debug|Any CPU
		{20B1FEAB-3A61-43A5-A0AB-AAC691062F0A}.Release|Any CPU.ActiveCfg = Release|Any CPU
		{20B1FEAB-3A61-43A5-A0AB-AAC691062F0A}.Release|Any CPU.Build.0 = Release|Any CPU
	EndGlobalSection
	GlobalSection(SolutionProperties) = preSolution
		HideSolutionNode = FALSE
	EndGlobalSection
	GlobalSection(ExtensibilityGlobals) = postSolution
		SolutionGuid = {A638E8EC-99CD-4277-83B9-D094BC10409A}
	EndGlobalSection
EndGlobal
